// !$*UTF8*$!
{
	archiveVersion = 1;
	classes = {
	};
	objectVersion = 50;
	objects = {

/* Begin PBXBuildFile section */
		7AA4DB13216DA9190001696A /* AppDelegate.m in Sources */ = {isa = PBXBuildFile; fileRef = 7AA4DB12216DA9190001696A /* AppDelegate.m */; };
		7AA4DB16216DA91A0001696A /* ViewController.m in Sources */ = {isa = PBXBuildFile; fileRef = 7AA4DB15216DA91A0001696A /* ViewController.m */; };
		7AA4DB19216DA91A0001696A /* Main.storyboard in Resources */ = {isa = PBXBuildFile; fileRef = 7AA4DB17216DA91A0001696A /* Main.storyboard */; };
		7AA4DB1B216DA91F0001696A /* Assets.xcassets in Resources */ = {isa = PBXBuildFile; fileRef = 7AA4DB1A216DA91F0001696A /* Assets.xcassets */; };
		7AA4DB1E216DA91F0001696A /* LaunchScreen.storyboard in Resources */ = {isa = PBXBuildFile; fileRef = 7AA4DB1C216DA91F0001696A /* LaunchScreen.storyboard */; };
		7AA4DB21216DA91F0001696A /* main.m in Sources */ = {isa = PBXBuildFile; fileRef = 7AA4DB20216DA91F0001696A /* main.m */; };
		7AA4DB2B216DA91F0001696A /* HQCollectionViewDemoTests.m in Sources */ = {isa = PBXBuildFile; fileRef = 7AA4DB2A216DA91F0001696A /* HQCollectionViewDemoTests.m */; };
		7AA4DB36216DA91F0001696A /* HQCollectionViewDemoUITests.m in Sources */ = {isa = PBXBuildFile; fileRef = 7AA4DB35216DA91F0001696A /* HQCollectionViewDemoUITests.m */; };
		7AA4DB45216DA9BE0001696A /* HQCollectionViewFlowLayout.m in Sources */ = {isa = PBXBuildFile; fileRef = 7AA4DB44216DA9BE0001696A /* HQCollectionViewFlowLayout.m */; };
		7AA4DB48216DA9D70001696A /* HQViewController.m in Sources */ = {isa = PBXBuildFile; fileRef = 7AA4DB47216DA9D70001696A /* HQViewController.m */; };
		7AA4DB4B216DACBB0001696A /* HQTopStopView.m in Sources */ = {isa = PBXBuildFile; fileRef = 7AA4DB4A216DACBB0001696A /* HQTopStopView.m */; };
		7AA4DB4F216DB0A50001696A /* 悬停.gif in Resources */ = {isa = PBXBuildFile; fileRef = 7AA4DB4E216DB0A40001696A /* 悬停.gif */; };
/* End PBXBuildFile section */

/* Begin PBXContainerItemProxy section */
		7AA4DB27216DA91F0001696A /* PBXContainerItemProxy */ = {
			isa = PBXContainerItemProxy;
			containerPortal = 7AA4DB06216DA9190001696A /* Project object */;
			proxyType = 1;
			remoteGlobalIDString = 7AA4DB0D216DA9190001696A;
			remoteInfo = HQCollectionViewDemo;
		};
		7AA4DB32216DA91F0001696A /* PBXContainerItemProxy */ = {
			isa = PBXContainerItemProxy;
			containerPortal = 7AA4DB06216DA9190001696A /* Project object */;
			proxyType = 1;
			remoteGlobalIDString = 7AA4DB0D216DA9190001696A;
			remoteInfo = HQCollectionViewDemo;
		};
/* End PBXContainerItemProxy section */

/* Begin PBXFileReference section */
		7AA4DB0E216DA9190001696A /* HQCollectionViewDemo.app */ = {isa = PBXFileReference; explicitFileType = wrapper.application; includeInIndex = 0; path = HQCollectionViewDemo.app; sourceTree = BUILT_PRODUCTS_DIR; };
		7AA4DB11216DA9190001696A /* AppDelegate.h */ = {isa = PBXFileReference; lastKnownFileType = sourcecode.c.h; path = AppDelegate.h; sourceTree = "<group>"; };
		7AA4DB12216DA9190001696A /* AppDelegate.m */ = {isa = PBXFileReference; lastKnownFileType = sourcecode.c.objc; path = AppDelegate.m; sourceTree = "<group>"; };
		7AA4DB14216DA91A0001696A /* ViewController.h */ = {isa = PBXFileReference; lastKnownFileType = sourcecode.c.h; path = ViewController.h; sourceTree = "<group>"; };
		7AA4DB15216DA91A0001696A /* ViewController.m */ = {isa = PBXFileReference; lastKnownFileType = sourcecode.c.objc; path = ViewController.m; sourceTree = "<group>"; };
		7AA4DB18216DA91A0001696A /* Base */ = {isa = PBXFileReference; lastKnownFileType = file.storyboard; name = Base; path = Base.lproj/Main.storyboard; sourceTree = "<group>"; };
		7AA4DB1A216DA91F0001696A /* Assets.xcassets */ = {isa = PBXFileReference; lastKnownFileType = folder.assetcatalog; path = Assets.xcassets; sourceTree = "<group>"; };
		7AA4DB1D216DA91F0001696A /* Base */ = {isa = PBXFileReference; lastKnownFileType = file.storyboard; name = Base; path = Base.lproj/LaunchScreen.storyboard; sourceTree = "<group>"; };
		7AA4DB1F216DA91F0001696A /* Info.plist */ = {isa = PBXFileReference; lastKnownFileType = text.plist.xml; path = Info.plist; sourceTree = "<group>"; };
		7AA4DB20216DA91F0001696A /* main.m */ = {isa = PBXFileReference; lastKnownFileType = sourcecode.c.objc; path = main.m; sourceTree = "<group>"; };
		7AA4DB26216DA91F0001696A /* HQCollectionViewDemoTests.xctest */ = {isa = PBXFileReference; explicitFileType = wrapper.cfbundle; includeInIndex = 0; path = HQCollectionViewDemoTests.xctest; sourceTree = BUILT_PRODUCTS_DIR; };
		7AA4DB2A216DA91F0001696A /* HQCollectionViewDemoTests.m */ = {isa = PBXFileReference; lastKnownFileType = sourcecode.c.objc; path = HQCollectionViewDemoTests.m; sourceTree = "<group>"; };
		7AA4DB2C216DA91F0001696A /* Info.plist */ = {isa = PBXFileReference; lastKnownFileType = text.plist.xml; path = Info.plist; sourceTree = "<group>"; };
		7AA4DB31216DA91F0001696A /* HQCollectionViewDemoUITests.xctest */ = {isa = PBXFileReference; explicitFileType = wrapper.cfbundle; includeInIndex = 0; path = HQCollectionViewDemoUITests.xctest; sourceTree = BUILT_PRODUCTS_DIR; };
		7AA4DB35216DA91F0001696A /* HQCollectionViewDemoUITests.m */ = {isa = PBXFileReference; lastKnownFileType = sourcecode.c.objc; path = HQCollectionViewDemoUITests.m; sourceTree = "<group>"; };
		7AA4DB37216DA91F0001696A /* Info.plist */ = {isa = PBXFileReference; lastKnownFileType = text.plist.xml; path = Info.plist; sourceTree = "<group>"; };
		7AA4DB43216DA9BE0001696A /* HQCollectionViewFlowLayout.h */ = {isa = PBXFileReference; lastKnownFileType = sourcecode.c.h; path = HQCollectionViewFlowLayout.h; sourceTree = "<group>"; };
		7AA4DB44216DA9BE0001696A /* HQCollectionViewFlowLayout.m */ = {isa = PBXFileReference; lastKnownFileType = sourcecode.c.objc; path = HQCollectionViewFlowLayout.m; sourceTree = "<group>"; };
		7AA4DB46216DA9D70001696A /* HQViewController.h */ = {isa = PBXFileReference; lastKnownFileType = sourcecode.c.h; path = HQViewController.h; sourceTree = "<group>"; };
		7AA4DB47216DA9D70001696A /* HQViewController.m */ = {isa = PBXFileReference; lastKnownFileType = sourcecode.c.objc; path = HQViewController.m; sourceTree = "<group>"; };
		7AA4DB49216DACBB0001696A /* HQTopStopView.h */ = {isa = PBXFileReference; lastKnownFileType = sourcecode.c.h; path = HQTopStopView.h; sourceTree = "<group>"; };
		7AA4DB4A216DACBB0001696A /* HQTopStopView.m */ = {isa = PBXFileReference; lastKnownFileType = sourcecode.c.objc; path = HQTopStopView.m; sourceTree = "<group>"; };
		7AA4DB4E216DB0A40001696A /* 悬停.gif */ = {isa = PBXFileReference; lastKnownFileType = image.gif; path = "悬停.gif"; sourceTree = "<group>"; };
/* End PBXFileReference section */

/* Begin PBXFrameworksBuildPhase section */
		7AA4DB0B216DA9190001696A /* Frameworks */ = {
			isa = PBXFrameworksBuildPhase;
			buildActionMask = 2147483647;
			files = (
			);
			runOnlyForDeploymentPostprocessing = 0;
		};
		7AA4DB23216DA91F0001696A /* Frameworks */ = {
			isa = PBXFrameworksBuildPhase;
			buildActionMask = 2147483647;
			files = (
			);
			runOnlyForDeploymentPostprocessing = 0;
		};
		7AA4DB2E216DA91F0001696A /* Frameworks */ = {
			isa = PBXFrameworksBuildPhase;
			buildActionMask = 2147483647;
			files = (
			);
			runOnlyForDeploymentPostprocessing = 0;
		};
/* End PBXFrameworksBuildPhase section */

/* Begin PBXGroup section */
		7AA4DB05216DA9190001696A = {
			isa = PBXGroup;
			children = (
				7AA4DB10216DA9190001696A /* HQCollectionViewDemo */,
				7AA4DB29216DA91F0001696A /* HQCollectionViewDemoTests */,
				7AA4DB34216DA91F0001696A /* HQCollectionViewDemoUITests */,
				7AA4DB0F216DA9190001696A /* Products */,
			);
			sourceTree = "<group>";
		};
		7AA4DB0F216DA9190001696A /* Products */ = {
			isa = PBXGroup;
			children = (
				7AA4DB0E216DA9190001696A /* HQCollectionViewDemo.app */,
				7AA4DB26216DA91F0001696A /* HQCollectionViewDemoTests.xctest */,
				7AA4DB31216DA91F0001696A /* HQCollectionViewDemoUITests.xctest */,
			);
			name = Products;
			sourceTree = "<group>";
		};
		7AA4DB10216DA9190001696A /* HQCollectionViewDemo */ = {
			isa = PBXGroup;
			children = (
				7AA4DB43216DA9BE0001696A /* HQCollectionViewFlowLayout.h */,
				7AA4DB44216DA9BE0001696A /* HQCollectionViewFlowLayout.m */,
				7AA4DB49216DACBB0001696A /* HQTopStopView.h */,
				7AA4DB4A216DACBB0001696A /* HQTopStopView.m */,
				7AA4DB46216DA9D70001696A /* HQViewController.h */,
				7AA4DB47216DA9D70001696A /* HQViewController.m */,
				7AA4DB11216DA9190001696A /* AppDelegate.h */,
				7AA4DB12216DA9190001696A /* AppDelegate.m */,
				7AA4DB14216DA91A0001696A /* ViewController.h */,
				7AA4DB15216DA91A0001696A /* ViewController.m */,
				7AA4DB4E216DB0A40001696A /* 悬停.gif */,
				7AA4DB17216DA91A0001696A /* Main.storyboard */,
				7AA4DB1A216DA91F0001696A /* Assets.xcassets */,
				7AA4DB1C216DA91F0001696A /* LaunchScreen.storyboard */,
				7AA4DB1F216DA91F0001696A /* Info.plist */,
				7AA4DB20216DA91F0001696A /* main.m */,
			);
			path = HQCollectionViewDemo;
			sourceTree = "<group>";
		};
		7AA4DB29216DA91F0001696A /* HQCollectionViewDemoTests */ = {
			isa = PBXGroup;
			children = (
				7AA4DB2A216DA91F0001696A /* HQCollectionViewDemoTests.m */,
				7AA4DB2C216DA91F0001696A /* Info.plist */,
			);
			path = HQCollectionViewDemoTests;
			sourceTree = "<group>";
		};
		7AA4DB34216DA91F0001696A /* HQCollectionViewDemoUITests */ = {
			isa = PBXGroup;
			children = (
				7AA4DB35216DA91F0001696A /* HQCollectionViewDemoUITests.m */,
				7AA4DB37216DA91F0001696A /* Info.plist */,
			);
			path = HQCollectionViewDemoUITests;
			sourceTree = "<group>";
		};
/* End PBXGroup section */

/* Begin PBXNativeTarget section */
		7AA4DB0D216DA9190001696A /* HQCollectionViewDemo */ = {
			isa = PBXNativeTarget;
			buildConfigurationList = 7AA4DB3A216DA91F0001696A /* Build configuration list for PBXNativeTarget "HQCollectionViewDemo" */;
			buildPhases = (
				7AA4DB0A216DA9190001696A /* Sources */,
				7AA4DB0B216DA9190001696A /* Frameworks */,
				7AA4DB0C216DA9190001696A /* Resources */,
			);
			buildRules = (
			);
			dependencies = (
			);
			name = HQCollectionViewDemo;
			productName = HQCollectionViewDemo;
			productReference = 7AA4DB0E216DA9190001696A /* HQCollectionViewDemo.app */;
			productType = "com.apple.product-type.application";
		};
		7AA4DB25216DA91F0001696A /* HQCollectionViewDemoTests */ = {
			isa = PBXNativeTarget;
			buildConfigurationList = 7AA4DB3D216DA91F0001696A /* Build configuration list for PBXNativeTarget "HQCollectionViewDemoTests" */;
			buildPhases = (
				7AA4DB22216DA91F0001696A /* Sources */,
				7AA4DB23216DA91F0001696A /* Frameworks */,
				7AA4DB24216DA91F0001696A /* Resources */,
			);
			buildRules = (
			);
			dependencies = (
				7AA4DB28216DA91F0001696A /* PBXTargetDependency */,
			);
			name = HQCollectionViewDemoTests;
			productName = HQCollectionViewDemoTests;
			productReference = 7AA4DB26216DA91F0001696A /* HQCollectionViewDemoTests.xctest */;
			productType = "com.apple.product-type.bundle.unit-test";
		};
		7AA4DB30216DA91F0001696A /* HQCollectionViewDemoUITests */ = {
			isa = PBXNativeTarget;
			buildConfigurationList = 7AA4DB40216DA91F0001696A /* Build configuration list for PBXNativeTarget "HQCollectionViewDemoUITests" */;
			buildPhases = (
				7AA4DB2D216DA91F0001696A /* Sources */,
				7AA4DB2E216DA91F0001696A /* Frameworks */,
				7AA4DB2F216DA91F0001696A /* Resources */,
			);
			buildRules = (
			);
			dependencies = (
				7AA4DB33216DA91F0001696A /* PBXTargetDependency */,
			);
			name = HQCollectionViewDemoUITests;
			productName = HQCollectionViewDemoUITests;
			productReference = 7AA4DB31216DA91F0001696A /* HQCollectionViewDemoUITests.xctest */;
			productType = "com.apple.product-type.bundle.ui-testing";
		};
/* End PBXNativeTarget section */

/* Begin PBXProject section */
		7AA4DB06216DA9190001696A /* Project object */ = {
			isa = PBXProject;
			attributes = {
				LastUpgradeCheck = 1000;
				ORGANIZATIONNAME = "君凯商联网";
				TargetAttributes = {
					7AA4DB0D216DA9190001696A = {
						CreatedOnToolsVersion = 10.0;
					};
					7AA4DB25216DA91F0001696A = {
						CreatedOnToolsVersion = 10.0;
						TestTargetID = 7AA4DB0D216DA9190001696A;
					};
					7AA4DB30216DA91F0001696A = {
						CreatedOnToolsVersion = 10.0;
						TestTargetID = 7AA4DB0D216DA9190001696A;
					};
				};
			};
			buildConfigurationList = 7AA4DB09216DA9190001696A /* Build configuration list for PBXProject "HQCollectionViewDemo" */;
			compatibilityVersion = "Xcode 9.3";
			developmentRegion = en;
			hasScannedForEncodings = 0;
			knownRegions = (
				en,
				Base,
			);
			mainGroup = 7AA4DB05216DA9190001696A;
			productRefGroup = 7AA4DB0F216DA9190001696A /* Products */;
			projectDirPath = "";
			projectRoot = "";
			targets = (
				7AA4DB0D216DA9190001696A /* HQCollectionViewDemo */,
				7AA4DB25216DA91F0001696A /* HQCollectionViewDemoTests */,
				7AA4DB30216DA91F0001696A /* HQCollectionViewDemoUITests */,
			);
		};
/* End PBXProject section */

/* Begin PBXResourcesBuildPhase section */
		7AA4DB0C216DA9190001696A /* Resources */ = {
			isa = PBXResourcesBuildPhase;
			buildActionMask = 2147483647;
			files = (
				7AA4DB1E216DA91F0001696A /* LaunchScreen.storyboard in Resources */,
				7AA4DB1B216DA91F0001696A /* Assets.xcassets in Resources */,
				7AA4DB4F216DB0A50001696A /* 悬停.gif in Resources */,
				7AA4DB19216DA91A0001696A /* Main.storyboard in Resources */,
			);
			runOnlyForDeploymentPostprocessing = 0;
		};
		7AA4DB24216DA91F0001696A /* Resources */ = {
			isa = PBXResourcesBuildPhase;
			buildActionMask = 2147483647;
			files = (
			);
			runOnlyForDeploymentPostprocessing = 0;
		};
		7AA4DB2F216DA91F0001696A /* Resources */ = {
			isa = PBXResourcesBuildPhase;
			buildActionMask = 2147483647;
			files = (
			);
			runOnlyForDeploymentPostprocessing = 0;
		};
/* End PBXResourcesBuildPhase section */

/* Begin PBXSourcesBuildPhase section */
		7AA4DB0A216DA9190001696A /* Sources */ = {
			isa = PBXSourcesBuildPhase;
			buildActionMask = 2147483647;
			files = (
				7AA4DB48216DA9D70001696A /* HQViewController.m in Sources */,
				7AA4DB16216DA91A0001696A /* ViewController.m in Sources */,
				7AA4DB45216DA9BE0001696A /* HQCollectionViewFlowLayout.m in Sources */,
				7AA4DB4B216DACBB0001696A /* HQTopStopView.m in Sources */,
				7AA4DB21216DA91F0001696A /* main.m in Sources */,
				7AA4DB13216DA9190001696A /* AppDelegate.m in Sources */,
			);
			runOnlyForDeploymentPostprocessing = 0;
		};
		7AA4DB22216DA91F0001696A /* Sources */ = {
			isa = PBXSourcesBuildPhase;
			buildActionMask = 2147483647;
			files = (
				7AA4DB2B216DA91F0001696A /* HQCollectionViewDemoTests.m in Sources */,
			);
			runOnlyForDeploymentPostprocessing = 0;
		};
		7AA4DB2D216DA91F0001696A /* Sources */ = {
			isa = PBXSourcesBuildPhase;
			buildActionMask = 2147483647;
			files = (
				7AA4DB36216DA91F0001696A /* HQCollectionViewDemoUITests.m in Sources */,
			);
			runOnlyForDeploymentPostprocessing = 0;
		};
/* End PBXSourcesBuildPhase section */

/* Begin PBXTargetDependency section */
		7AA4DB28216DA91F0001696A /* PBXTargetDependency */ = {
			isa = PBXTargetDependency;
			target = 7AA4DB0D216DA9190001696A /* HQCollectionViewDemo */;
			targetProxy = 7AA4DB27216DA91F0001696A /* PBXContainerItemProxy */;
		};
		7AA4DB33216DA91F0001696A /* PBXTargetDependency */ = {
			isa = PBXTargetDependency;
			target = 7AA4DB0D216DA9190001696A /* HQCollectionViewDemo */;
			targetProxy = 7AA4DB32216DA91F0001696A /* PBXContainerItemProxy */;
		};
/* End PBXTargetDependency section */

/* Begin PBXVariantGroup section */
		7AA4DB17216DA91A0001696A /* Main.storyboard */ = {
			isa = PBXVariantGroup;
			children = (
				7AA4DB18216DA91A0001696A /* Base */,
			);
			name = Main.storyboard;
			sourceTree = "<group>";
		};
		7AA4DB1C216DA91F0001696A /* LaunchScreen.storyboard */ = {
			isa = PBXVariantGroup;
			children = (
				7AA4DB1D216DA91F0001696A /* Base */,
			);
			name = LaunchScreen.storyboard;
			sourceTree = "<group>";
		};
/* End PBXVariantGroup section */

/* Begin XCBuildConfiguration section */
		7AA4DB38216DA91F0001696A /* Debug */ = {
			isa = XCBuildConfiguration;
			buildSettings = {
				ALWAYS_SEARCH_USER_PATHS = NO;
				CLANG_ANALYZER_NONNULL = YES;
				CLANG_ANALYZER_NUMBER_OBJECT_CONVERSION = YES_AGGRESSIVE;
				CLANG_CXX_LANGUAGE_STANDARD = "gnu++14";
				CLANG_CXX_LIBRARY = "libc++";
				CLANG_ENABLE_MODULES = YES;
				CLANG_ENABLE_OBJC_ARC = YES;
				CLANG_ENABLE_OBJC_WEAK = YES;
				CLANG_WARN_BLOCK_CAPTURE_AUTORELEASING = YES;
				CLANG_WARN_BOOL_CONVERSION = YES;
				CLANG_WARN_COMMA = YES;
				CLANG_WARN_CONSTANT_CONVERSION = YES;
				CLANG_WARN_DEPRECATED_OBJC_IMPLEMENTATIONS = YES;
				CLANG_WARN_DIRECT_OBJC_ISA_USAGE = YES_ERROR;
				CLANG_WARN_DOCUMENTATION_COMMENTS = YES;
				CLANG_WARN_EMPTY_BODY = YES;
				CLANG_WARN_ENUM_CONVERSION = YES;
				CLANG_WARN_INFINITE_RECURSION = YES;
				CLANG_WARN_INT_CONVERSION = YES;
				CLANG_WARN_NON_LITERAL_NULL_CONVERSION = YES;
				CLANG_WARN_OBJC_IMPLICIT_RETAIN_SELF = YES;
				CLANG_WARN_OBJC_LITERAL_CONVERSION = YES;
				CLANG_WARN_OBJC_ROOT_CLASS = YES_ERROR;
				CLANG_WARN_RANGE_LOOP_ANALYSIS = YES;
				CLANG_WARN_STRICT_PROTOTYPES = YES;
				CLANG_WARN_SUSPICIOUS_MOVE = YES;
				CLANG_WARN_UNGUARDED_AVAILABILITY = YES_AGGRESSIVE;
				CLANG_WARN_UNREACHABLE_CODE = YES;
				CLANG_WARN__DUPLICATE_METHOD_MATCH = YES;
				CODE_SIGN_IDENTITY = "iPhone Developer";
				COPY_PHASE_STRIP = NO;
				DEBUG_INFORMATION_FORMAT = dwarf;
				ENABLE_STRICT_OBJC_MSGSEND = YES;
				ENABLE_TESTABILITY = YES;
				GCC_C_LANGUAGE_STANDARD = gnu11;
				GCC_DYNAMIC_NO_PIC = NO;
				GCC_NO_COMMON_BLOCKS = YES;
				GCC_OPTIMIZATION_LEVEL = 0;
				GCC_PREPROCESSOR_DEFINITIONS = (
					"DEBUG=1",
					"$(inherited)",
				);
				GCC_WARN_64_TO_32_BIT_CONVERSION = YES;
				GCC_WARN_ABOUT_RETURN_TYPE = YES_ERROR;
				GCC_WARN_UNDECLARED_SELECTOR = YES;
				GCC_WARN_UNINITIALIZED_AUTOS = YES_AGGRESSIVE;
				GCC_WARN_UNUSED_FUNCTION = YES;
				GCC_WARN_UNUSED_VARIABLE = YES;
				IPHONEOS_DEPLOYMENT_TARGET = 12.0;
				MTL_ENABLE_DEBUG_INFO = INCLUDE_SOURCE;
				MTL_FAST_MATH = YES;
				ONLY_ACTIVE_ARCH = YES;
				SDKROOT = iphoneos;
			};
			name = Debug;
		};
		7AA4DB39216DA91F0001696A /* Release */ = {
			isa = XCBuildConfiguration;
			buildSettings = {
				ALWAYS_SEARCH_USER_PATHS = NO;
				CLANG_ANALYZER_NONNULL = YES;
				CLANG_ANALYZER_NUMBER_OBJECT_CONVERSION = YES_AGGRESSIVE;
				CLANG_CXX_LANGUAGE_STANDARD = "gnu++14";
				CLANG_CXX_LIBRARY = "libc++";
				CLANG_ENABLE_MODULES = YES;
				CLANG_ENABLE_OBJC_ARC = YES;
				CLANG_ENABLE_OBJC_WEAK = YES;
				CLANG_WARN_BLOCK_CAPTURE_AUTORELEASING = YES;
				CLANG_WARN_BOOL_CONVERSION = YES;
				CLANG_WARN_COMMA = YES;
				CLANG_WARN_CONSTANT_CONVERSION = YES;
				CLANG_WARN_DEPRECATED_OBJC_IMPLEMENTATIONS = YES;
				CLANG_WARN_DIRECT_OBJC_ISA_USAGE = YES_ERROR;
				CLANG_WARN_DOCUMENTATION_COMMENTS = YES;
				CLANG_WARN_EMPTY_BODY = YES;
				CLANG_WARN_ENUM_CONVERSION = YES;
				CLANG_WARN_INFINITE_RECURSION = YES;
				CLANG_WARN_INT_CONVERSION = YES;
				CLANG_WARN_NON_LITERAL_NULL_CONVERSION = YES;
				CLANG_WARN_OBJC_IMPLICIT_RETAIN_SELF = YES;
				CLANG_WARN_OBJC_LITERAL_CONVERSION = YES;
				CLANG_WARN_OBJC_ROOT_CLASS = YES_ERROR;
				CLANG_WARN_RANGE_LOOP_ANALYSIS = YES;
				CLANG_WARN_STRICT_PROTOTYPES = YES;
				CLANG_WARN_SUSPICIOUS_MOVE = YES;
				CLANG_WARN_UNGUARDED_AVAILABILITY = YES_AGGRESSIVE;
				CLANG_WARN_UNREACHABLE_CODE = YES;
				CLANG_WARN__DUPLICATE_METHOD_MATCH = YES;
				CODE_SIGN_IDENTITY = "iPhone Developer";
				COPY_PHASE_STRIP = NO;
				DEBUG_INFORMATION_FORMAT = "dwarf-with-dsym";
				ENABLE_NS_ASSERTIONS = NO;
				ENABLE_STRICT_OBJC_MSGSEND = YES;
				GCC_C_LANGUAGE_STANDARD = gnu11;
				GCC_NO_COMMON_BLOCKS = YES;
				GCC_WARN_64_TO_32_BIT_CONVERSION = YES;
				GCC_WARN_ABOUT_RETURN_TYPE = YES_ERROR;
				GCC_WARN_UNDECLARED_SELECTOR = YES;
				GCC_WARN_UNINITIALIZED_AUTOS = YES_AGGRESSIVE;
				GCC_WARN_UNUSED_FUNCTION = YES;
				GCC_WARN_UNUSED_VARIABLE = YES;
				IPHONEOS_DEPLOYMENT_TARGET = 12.0;
				MTL_ENABLE_DEBUG_INFO = NO;
				MTL_FAST_MATH = YES;
				SDKROOT = iphoneos;
				VALIDATE_PRODUCT = YES;
			};
			name = Release;
		};
		7AA4DB3B216DA91F0001696A /* Debug */ = {
			isa = XCBuildConfiguration;
			buildSettings = {
				ASSETCATALOG_COMPILER_APPICON_NAME = AppIcon;
				CODE_SIGN_STYLE = Automatic;
				INFOPLIST_FILE = HQCollectionViewDemo/Info.plist;
				LD_RUNPATH_SEARCH_PATHS = (
					"$(inherited)",
					"@executable_path/Frameworks",
				);
				PRODUCT_BUNDLE_IDENTIFIER = JunKai.HQCollectionViewDemo;
				PRODUCT_NAME = "$(TARGET_NAME)";
				TARGETED_DEVICE_FAMILY = "1,2";
			};
			name = Debug;
		};
		7AA4DB3C216DA91F0001696A /* Release */ = {
			isa = XCBuildConfiguration;
			buildSettings = {
				ASSETCATALOG_COMPILER_APPICON_NAME = AppIcon;
				CODE_SIGN_STYLE = Automatic;
				INFOPLIST_FILE = HQCollectionViewDemo/Info.plist;
				LD_RUNPATH_SEARCH_PATHS = (
					"$(inherited)",
					"@executable_path/Frameworks",
				);
				PRODUCT_BUNDLE_IDENTIFIER = JunKai.HQCollectionViewDemo;
				PRODUCT_NAME = "$(TARGET_NAME)";
				TARGETED_DEVICE_FAMILY = "1,2";
			};
			name = Release;
		};
		7AA4DB3E216DA91F0001696A /* Debug */ = {
			isa = XCBuildConfiguration;
			buildSettings = {
				BUNDLE_LOADER = "$(TEST_HOST)";
				CODE_SIGN_STYLE = Automatic;
				INFOPLIST_FILE = HQCollectionViewDemoTests/Info.plist;
				LD_RUNPATH_SEARCH_PATHS = (
					"$(inherited)",
					"@executable_path/Frameworks",
					"@loader_path/Frameworks",
				);
				PRODUCT_BUNDLE_IDENTIFIER = JunKai.HQCollectionViewDemoTests;
				PRODUCT_NAME = "$(TARGET_NAME)";
				TARGETED_DEVICE_FAMILY = "1,2";
				TEST_HOST = "$(BUILT_PRODUCTS_DIR)/HQCollectionViewDemo.app/HQCollectionViewDemo";
			};
			name = Debug;
		};
		7AA4DB3F216DA91F0001696A /* Release */ = {
			isa = XCBuildConfiguration;
			buildSettings = {
				BUNDLE_LOADER = "$(TEST_HOST)";
				CODE_SIGN_STYLE = Automatic;
				INFOPLIST_FILE = HQCollectionViewDemoTests/Info.plist;
				LD_RUNPATH_SEARCH_PATHS = (
					"$(inherited)",
					"@executable_path/Frameworks",
					"@loader_path/Frameworks",
				);
				PRODUCT_BUNDLE_IDENTIFIER = JunKai.HQCollectionViewDemoTests;
				PRODUCT_NAME = "$(TARGET_NAME)";
				TARGETED_DEVICE_FAMILY = "1,2";
				TEST_HOST = "$(BUILT_PRODUCTS_DIR)/HQCollectionViewDemo.app/HQCollectionViewDemo";
			};
			name = Release;
		};
		7AA4DB41216DA91F0001696A /* Debug */ = {
			isa = XCBuildConfiguration;
			buildSettings = {
				CODE_SIGN_STYLE = Automatic;
				INFOPLIST_FILE = HQCollectionViewDemoUITests/Info.plist;
				LD_RUNPATH_SEARCH_PATHS = (
					"$(inherited)",
					"@executable_path/Frameworks",
					"@loader_path/Frameworks",
				);
				PRODUCT_BUNDLE_IDENTIFIER = JunKai.HQCollectionViewDemoUITests;
				PRODUCT_NAME = "$(TARGET_NAME)";
				TARGETED_DEVICE_FAMILY = "1,2";
				TEST_TARGET_NAME = HQCollectionViewDemo;
			};
			name = Debug;
		};
		7AA4DB42216DA91F0001696A /* Release */ = {
			isa = XCBuildConfiguration;
			buildSettings = {
				CODE_SIGN_STYLE = Automatic;
				INFOPLIST_FILE = HQCollectionViewDemoUITests/Info.plist;
				LD_RUNPATH_SEARCH_PATHS = (
					"$(inherited)",
					"@executable_path/Frameworks",
					"@loader_path/Frameworks",
				);
				PRODUCT_BUNDLE_IDENTIFIER = JunKai.HQCollectionViewDemoUITests;
				PRODUCT_NAME = "$(TARGET_NAME)";
				TARGETED_DEVICE_FAMILY = "1,2";
				TEST_TARGET_NAME = HQCollectionViewDemo;
			};
			name = Release;
		};
/* End XCBuildConfiguration section */

/* Begin XCConfigurationList section */
		7AA4DB09216DA9190001696A /* Build configuration list for PBXProject "HQCollectionViewDemo" */ = {
			isa = XCConfigurationList;
			buildConfigurations = (
				7AA4DB38216DA91F0001696A /* Debug */,
				7AA4DB39216DA91F0001696A /* Release */,
			);
			defaultConfigurationIsVisible = 0;
			defaultConfigurationName = Release;
		};
		7AA4DB3A216DA91F0001696A /* Build configuration list for PBXNativeTarget "HQCollectionViewDemo" */ = {
			isa = XCConfigurationList;
			buildConfigurations = (
				7AA4DB3B216DA91F0001696A /* Debug */,
				7AA4DB3C216DA91F0001696A /* Release */,
			);
			defaultConfigurationIsVisible = 0;
			defaultConfigurationName = Release;
		};
		7AA4DB3D216DA91F0001696A /* Build configuration list for PBXNativeTarget "HQCollectionViewDemoTests" */ = {
			isa = XCConfigurationList;
			buildConfigurations = (
				7AA4DB3E216DA91F0001696A /* Debug */,
				7AA4DB3F216DA91F0001696A /* Release */,
			);
			defaultConfigurationIsVisible = 0;
			defaultConfigurationName = Release;
		};
		7AA4DB40216DA91F0001696A /* Build configuration list for PBXNativeTarget "HQCollectionViewDemoUITests" */ = {
			isa = XCConfigurationList;
			buildConfigurations = (
				7AA4DB41216DA91F0001696A /* Debug */,
				7AA4DB42216DA91F0001696A /* Release */,
			);
			defaultConfigurationIsVisible = 0;
			defaultConfigurationName = Release;
		};
/* End XCConfigurationList section */
	};
	rootObject = 7AA4DB06216DA9190001696A /* Project object */;
}
